
Microsoft Visual Studio Solution File, Format Version 12.00
# Visual Studio Version 17
VisualStudioVersion = 17.10.35027.167
MinimumVisualStudioVersion = 10.0.40219.1
Project("{FAE04EC0-301F-11D3-BF4B-00C04F79EFBC}") = "ChatApp", "ChatApp\ChatApp.csproj", "{BAF1442C-F612-4995-93E8-8D0448F9BACF}"
EndProject
Global
	GlobalSection(SolutionConfigurationPlatforms) = preSolution
		Debug|Any CPU = Debug|Any CPU
		Release|Any CPU = Release|Any CPU
	EndGlobalSection
	GlobalSection(ProjectConfigurationPlatforms) = postSolution
		{BAF1442C-F612-4995-93E8-8D0448F9BACF}.Debug|Any CPU.ActiveCfg = Debug|Any CPU
		{BAF1442C-F612-4995-93E8-8D0448F9BACF}.Debug|Any CPU.Build.0 = Debug|Any CPU
		{BAF1442C-F612-4995-93E8-8D0448F9BACF}.Release|Any CPU.ActiveCfg = Release|Any CPU
		{BAF1442C-F612-4995-93E8-8D0448F9BACF}.Release|Any CPU.Build.0 = Release|Any CPU
	EndGlobalSection
	GlobalSection(SolutionProperties) = preSolution
		HideSolutionNode = FALSE
	EndGlobalSection
	GlobalSection(ExtensibilityGlobals) = postSolution
		SolutionGuid = {89075978-9548-43E5-A6AA-E25B56A18ED2}
	EndGlobalSection
EndGlobal
